// !$*UTF8*$!
{
	archiveVersion = 1;
	classes = {
	};
	objectVersion = 46;
	objects = {

/* Begin PBXBuildFile section */
		3F04F3D31974FECD00F5DC84 /* AppDelegate.swift in Sources */ = {isa = PBXBuildFile; fileRef = 3F04F3D21974FECD00F5DC84 /* AppDelegate.swift */; };
		3F04F3D61974FECD00F5DC84 /* Social_Lifes.xcdatamodeld in Sources */ = {isa = PBXBuildFile; fileRef = 3F04F3D41974FECD00F5DC84 /* Social_Lifes.xcdatamodeld */; };
		3F04F3D81974FECD00F5DC84 /* AddAccountsViewController.swift in Sources */ = {isa = PBXBuildFile; fileRef = 3F04F3D71974FECD00F5DC84 /* AddAccountsViewController.swift */; };
		3F04F3DB1974FECD00F5DC84 /* Main.storyboard in Resources */ = {isa = PBXBuildFile; fileRef = 3F04F3D91974FECD00F5DC84 /* Main.storyboard */; };
		3F04F3DD1974FECD00F5DC84 /* Images.xcassets in Resources */ = {isa = PBXBuildFile; fileRef = 3F04F3DC1974FECD00F5DC84 /* Images.xcassets */; };
		3F04F3E91974FECD00F5DC84 /* Social_LifesTests.swift in Sources */ = {isa = PBXBuildFile; fileRef = 3F04F3E81974FECD00F5DC84 /* Social_LifesTests.swift */; };
		AF363E4B197510EE00C23A24 /* Social.framework in Frameworks */ = {isa = PBXBuildFile; fileRef = AF363E4A197510EE00C23A24 /* Social.framework */; };
/* End PBXBuildFile section */

/* Begin PBXContainerItemProxy section */
		3F04F3E31974FECD00F5DC84 /* PBXContainerItemProxy */ = {
			isa = PBXContainerItemProxy;
			containerPortal = 3F04F3C51974FECD00F5DC84 /* Project object */;
			proxyType = 1;
			remoteGlobalIDString = 3F04F3CC1974FECD00F5DC84;
			remoteInfo = "Social Lifes";
		};
/* End PBXContainerItemProxy section */

/* Begin PBXFileReference section */
		3F04F3CD1974FECD00F5DC84 /* Social Lifes.app */ = {isa = PBXFileReference; explicitFileType = wrapper.application; includeInIndex = 0; path = "Social Lifes.app"; sourceTree = BUILT_PRODUCTS_DIR; };
		3F04F3D11974FECD00F5DC84 /* Info.plist */ = {isa = PBXFileReference; lastKnownFileType = text.plist.xml; path = Info.plist; sourceTree = "<group>"; };
		3F04F3D21974FECD00F5DC84 /* AppDelegate.swift */ = {isa = PBXFileReference; lastKnownFileType = sourcecode.swift; path = AppDelegate.swift; sourceTree = "<group>"; };
		3F04F3D51974FECD00F5DC84 /* Social_Lifes.xcdatamodel */ = {isa = PBXFileReference; lastKnownFileType = wrapper.xcdatamodel; path = Social_Lifes.xcdatamodel; sourceTree = "<group>"; };
		3F04F3D71974FECD00F5DC84 /* AddAccountsViewController.swift */ = {isa = PBXFileReference; lastKnownFileType = sourcecode.swift; path = AddAccountsViewController.swift; sourceTree = "<group>"; };
		3F04F3DA1974FECD00F5DC84 /* Base */ = {isa = PBXFileReference; lastKnownFileType = file.storyboard; name = Base; path = Base.lproj/Main.storyboard; sourceTree = "<group>"; };
		3F04F3DC1974FECD00F5DC84 /* Images.xcassets */ = {isa = PBXFileReference; lastKnownFileType = folder.assetcatalog; path = Images.xcassets; sourceTree = "<group>"; };
		3F04F3E21974FECD00F5DC84 /* Social LifesTests.xctest */ = {isa = PBXFileReference; explicitFileType = wrapper.cfbundle; includeInIndex = 0; path = "Social LifesTests.xctest"; sourceTree = BUILT_PRODUCTS_DIR; };
		3F04F3E71974FECD00F5DC84 /* Info.plist */ = {isa = PBXFileReference; lastKnownFileType = text.plist.xml; path = Info.plist; sourceTree = "<group>"; };
		3F04F3E81974FECD00F5DC84 /* Social_LifesTests.swift */ = {isa = PBXFileReference; lastKnownFileType = sourcecode.swift; path = Social_LifesTests.swift; sourceTree = "<group>"; };
		AF363E4A197510EE00C23A24 /* Social.framework */ = {isa = PBXFileReference; lastKnownFileType = wrapper.framework; name = Social.framework; path = System/Library/Frameworks/Social.framework; sourceTree = SDKROOT; };
/* End PBXFileReference section */

/* Begin PBXFrameworksBuildPhase section */
		3F04F3CA1974FECD00F5DC84 /* Frameworks */ = {
			isa = PBXFrameworksBuildPhase;
			buildActionMask = 2147483647;
			files = (
				AF363E4B197510EE00C23A24 /* Social.framework in Frameworks */,
			);
			runOnlyForDeploymentPostprocessing = 0;
		};
		3F04F3DF1974FECD00F5DC84 /* Frameworks */ = {
			isa = PBXFrameworksBuildPhase;
			buildActionMask = 2147483647;
			files = (
			);
			runOnlyForDeploymentPostprocessing = 0;
		};
/* End PBXFrameworksBuildPhase section */

/* Begin PBXGroup section */
		3F04F3C41974FECD00F5DC84 = {
			isa = PBXGroup;
			children = (
				3F04F3CF1974FECD00F5DC84 /* Social Lifes */,
				3F04F3E51974FECD00F5DC84 /* Social LifesTests */,
				AF363E4C197510F500C23A24 /* Frameworks */,
				3F04F3CE1974FECD00F5DC84 /* Products */,
			);
			sourceTree = "<group>";
		};
		3F04F3CE1974FECD00F5DC84 /* Products */ = {
			isa = PBXGroup;
			children = (
				3F04F3CD1974FECD00F5DC84 /* Social Lifes.app */,
				3F04F3E21974FECD00F5DC84 /* Social LifesTests.xctest */,
			);
			name = Products;
			sourceTree = "<group>";
		};
		3F04F3CF1974FECD00F5DC84 /* Social Lifes */ = {
			isa = PBXGroup;
			children = (
				3F04F3D21974FECD00F5DC84 /* AppDelegate.swift */,
				3F04F3D71974FECD00F5DC84 /* AddAccountsViewController.swift */,
				3F04F3D91974FECD00F5DC84 /* Main.storyboard */,
				3F04F3DC1974FECD00F5DC84 /* Images.xcassets */,
				3F04F3D41974FECD00F5DC84 /* Social_Lifes.xcdatamodeld */,
				AF363E4E1975115700C23A24 /* Resources */,
				3F04F3D01974FECD00F5DC84 /* Supporting Files */,
			);
			path = "Social Lifes";
			sourceTree = "<group>";
		};
		3F04F3D01974FECD00F5DC84 /* Supporting Files */ = {
			isa = PBXGroup;
			children = (
				3F04F3D11974FECD00F5DC84 /* Info.plist */,
			);
			name = "Supporting Files";
			sourceTree = "<group>";
		};
		3F04F3E51974FECD00F5DC84 /* Social LifesTests */ = {
			isa = PBXGroup;
			children = (
				3F04F3E81974FECD00F5DC84 /* Social_LifesTests.swift */,
				3F04F3E61974FECD00F5DC84 /* Supporting Files */,
			);
			path = "Social LifesTests";
			sourceTree = "<group>";
		};
		3F04F3E61974FECD00F5DC84 /* Supporting Files */ = {
			isa = PBXGroup;
			children = (
				3F04F3E71974FECD00F5DC84 /* Info.plist */,
			);
			name = "Supporting Files";
			sourceTree = "<group>";
		};
		AF363E4C197510F500C23A24 /* Frameworks */ = {
			isa = PBXGroup;
			children = (
				AF363E4A197510EE00C23A24 /* Social.framework */,
			);
			name = Frameworks;
			sourceTree = "<group>";
		};
		AF363E4E1975115700C23A24 /* Resources */ = {
			isa = PBXGroup;
			children = (
			);
			name = Resources;
			path = ..;
			sourceTree = "<group>";
		};
/* End PBXGroup section */

/* Begin PBXNativeTarget section */
		3F04F3CC1974FECD00F5DC84 /* Social Lifes */ = {
			isa = PBXNativeTarget;
			buildConfigurationList = 3F04F3EC1974FECD00F5DC84 /* Build configuration list for PBXNativeTarget "Social Lifes" */;
			buildPhases = (
				3F04F3C91974FECD00F5DC84 /* Sources */,
				3F04F3CA1974FECD00F5DC84 /* Frameworks */,
				3F04F3CB1974FECD00F5DC84 /* Resources */,
			);
			buildRules = (
			);
			dependencies = (
			);
			name = "Social Lifes";
			productName = "Social Lifes";
			productReference = 3F04F3CD1974FECD00F5DC84 /* Social Lifes.app */;
			productType = "com.apple.product-type.application";
		};
		3F04F3E11974FECD00F5DC84 /* Social LifesTests */ = {
			isa = PBXNativeTarget;
			buildConfigurationList = 3F04F3EF1974FECD00F5DC84 /* Build configuration list for PBXNativeTarget "Social LifesTests" */;
			buildPhases = (
				3F04F3DE1974FECD00F5DC84 /* Sources */,
				3F04F3DF1974FECD00F5DC84 /* Frameworks */,
				3F04F3E01974FECD00F5DC84 /* Resources */,
			);
			buildRules = (
			);
			dependencies = (
				3F04F3E41974FECD00F5DC84 /* PBXTargetDependency */,
			);
			name = "Social LifesTests";
			productName = "Social LifesTests";
			productReference = 3F04F3E21974FECD00F5DC84 /* Social LifesTests.xctest */;
			productType = "com.apple.product-type.bundle.unit-test";
		};
/* End PBXNativeTarget section */

/* Begin PBXProject section */
		3F04F3C51974FECD00F5DC84 /* Project object */ = {
			isa = PBXProject;
			attributes = {
				LastUpgradeCheck = 0600;
				ORGANIZATIONNAME = "Kyle Watson";
				TargetAttributes = {
					3F04F3CC1974FECD00F5DC84 = {
						CreatedOnToolsVersion = 6.0;
					};
					3F04F3E11974FECD00F5DC84 = {
						CreatedOnToolsVersion = 6.0;
						TestTargetID = 3F04F3CC1974FECD00F5DC84;
					};
				};
			};
			buildConfigurationList = 3F04F3C81974FECD00F5DC84 /* Build configuration list for PBXProject "Social Lifes" */;
			compatibilityVersion = "Xcode 3.2";
			developmentRegion = English;
			hasScannedForEncodings = 0;
			knownRegions = (
				en,
				Base,
			);
			mainGroup = 3F04F3C41974FECD00F5DC84;
			productRefGroup = 3F04F3CE1974FECD00F5DC84 /* Products */;
			projectDirPath = "";
			projectRoot = "";
			targets = (
				3F04F3CC1974FECD00F5DC84 /* Social Lifes */,
				3F04F3E11974FECD00F5DC84 /* Social LifesTests */,
			);
		};
/* End PBXProject section */

/* Begin PBXResourcesBuildPhase section */
		3F04F3CB1974FECD00F5DC84 /* Resources */ = {
			isa = PBXResourcesBuildPhase;
			buildActionMask = 2147483647;
			files = (
				3F04F3DB1974FECD00F5DC84 /* Main.storyboard in Resources */,
				3F04F3DD1974FECD00F5DC84 /* Images.xcassets in Resources */,
			);
			runOnlyForDeploymentPostprocessing = 0;
		};
		3F04F3E01974FECD00F5DC84 /* Resources */ = {
			isa = PBXResourcesBuildPhase;
			buildActionMask = 2147483647;
			files = (
			);
			runOnlyForDeploymentPostprocessing = 0;
		};
/* End PBXResourcesBuildPhase section */

/* Begin PBXSourcesBuildPhase section */
		3F04F3C91974FECD00F5DC84 /* Sources */ = {
			isa = PBXSourcesBuildPhase;
			buildActionMask = 2147483647;
			files = (
				3F04F3D81974FECD00F5DC84 /* AddAccountsViewController.swift in Sources */,
				3F04F3D61974FECD00F5DC84 /* Social_Lifes.xcdatamodeld in Sources */,
				3F04F3D31974FECD00F5DC84 /* AppDelegate.swift in Sources */,
			);
			runOnlyForDeploymentPostprocessing = 0;
		};
		3F04F3DE1974FECD00F5DC84 /* Sources */ = {
			isa = PBXSourcesBuildPhase;
			buildActionMask = 2147483647;
			files = (
				3F04F3E91974FECD00F5DC84 /* Social_LifesTests.swift in Sources */,
			);
			runOnlyForDeploymentPostprocessing = 0;
		};
/* End PBXSourcesBuildPhase section */

/* Begin PBXTargetDependency section */
		3F04F3E41974FECD00F5DC84 /* PBXTargetDependency */ = {
			isa = PBXTargetDependency;
			target = 3F04F3CC1974FECD00F5DC84 /* Social Lifes */;
			targetProxy = 3F04F3E31974FECD00F5DC84 /* PBXContainerItemProxy */;
		};
/* End PBXTargetDependency section */

/* Begin PBXVariantGroup section */
		3F04F3D91974FECD00F5DC84 /* Main.storyboard */ = {
			isa = PBXVariantGroup;
			children = (
				3F04F3DA1974FECD00F5DC84 /* Base */,
			);
			name = Main.storyboard;
			sourceTree = "<group>";
		};
/* End PBXVariantGroup section */

/* Begin XCBuildConfiguration section */
		3F04F3EA1974FECD00F5DC84 /* Debug */ = {
			isa = XCBuildConfiguration;
			buildSettings = {
				ALWAYS_SEARCH_USER_PATHS = NO;
				CLANG_CXX_LANGUAGE_STANDARD = "gnu++0x";
				CLANG_CXX_LIBRARY = "libc++";
				CLANG_ENABLE_MODULES = YES;
				CLANG_ENABLE_OBJC_ARC = YES;
				CLANG_WARN_BOOL_CONVERSION = YES;
				CLANG_WARN_CONSTANT_CONVERSION = YES;
				CLANG_WARN_DIRECT_OBJC_ISA_USAGE = YES_ERROR;
				CLANG_WARN_EMPTY_BODY = YES;
				CLANG_WARN_ENUM_CONVERSION = YES;
				CLANG_WARN_INT_CONVERSION = YES;
				CLANG_WARN_OBJC_ROOT_CLASS = YES_ERROR;
				CLANG_WARN_UNREACHABLE_CODE = YES;
				CLANG_WARN__DUPLICATE_METHOD_MATCH = YES;
				"CODE_SIGN_IDENTITY[sdk=iphoneos*]" = "iPhone Developer";
				COPY_PHASE_STRIP = NO;
				ENABLE_STRICT_OBJC_MSGSEND = YES;
				GCC_C_LANGUAGE_STANDARD = gnu99;
				GCC_DYNAMIC_NO_PIC = NO;
				GCC_OPTIMIZATION_LEVEL = 0;
				GCC_PREPROCESSOR_DEFINITIONS = (
					"DEBUG=1",
					"$(inherited)",
				);
				GCC_SYMBOLS_PRIVATE_EXTERN = NO;
				GCC_WARN_64_TO_32_BIT_CONVERSION = YES;
				GCC_WARN_ABOUT_RETURN_TYPE = YES_ERROR;
				GCC_WARN_UNDECLARED_SELECTOR = YES;
				GCC_WARN_UNINITIALIZED_AUTOS = YES_AGGRESSIVE;
				GCC_WARN_UNUSED_FUNCTION = YES;
				GCC_WARN_UNUSED_VARIABLE = YES;
				IPHONEOS_DEPLOYMENT_TARGET = 8.0;
				MTL_ENABLE_DEBUG_INFO = YES;
				ONLY_ACTIVE_ARCH = YES;
				SDKROOT = iphoneos;
				SWIFT_OPTIMIZATION_LEVEL = "-Onone";
				TARGETED_DEVICE_FAMILY = "1,2";
			};
			name = Debug;
		};
		3F04F3EB1974FECD00F5DC84 /* Release */ = {
			isa = XCBuildConfiguration;
			buildSettings = {
				ALWAYS_SEARCH_USER_PATHS = NO;
				CLANG_CXX_LANGUAGE_STANDARD = "gnu++0x";
				CLANG_CXX_LIBRARY = "libc++";
				CLANG_ENABLE_MODULES = YES;
				CLANG_ENABLE_OBJC_ARC = YES;
				CLANG_WARN_BOOL_CONVERSION = YES;
				CLANG_WARN_CONSTANT_CONVERSION = YES;
				CLANG_WARN_DIRECT_OBJC_ISA_USAGE = YES_ERROR;
				CLANG_WARN_EMPTY_BODY = YES;
				CLANG_WARN_ENUM_CONVERSION = YES;
				CLANG_WARN_INT_CONVERSION = YES;
				CLANG_WARN_OBJC_ROOT_CLASS = YES_ERROR;
				CLANG_WARN_UNREACHABLE_CODE = YES;
				CLANG_WARN__DUPLICATE_METHOD_MATCH = YES;
				"CODE_SIGN_IDENTITY[sdk=iphoneos*]" = "iPhone Developer";
				COPY_PHASE_STRIP = YES;
				ENABLE_NS_ASSERTIONS = NO;
				ENABLE_STRICT_OBJC_MSGSEND = YES;
				GCC_C_LANGUAGE_STANDARD = gnu99;
				GCC_WARN_64_TO_32_BIT_CONVERSION = YES;
				GCC_WARN_ABOUT_RETURN_TYPE = YES_ERROR;
				GCC_WARN_UNDECLARED_SELECTOR = YES;
				GCC_WARN_UNINITIALIZED_AUTOS = YES_AGGRESSIVE;
				GCC_WARN_UNUSED_FUNCTION = YES;
				GCC_WARN_UNUSED_VARIABLE = YES;
				IPHONEOS_DEPLOYMENT_TARGET = 8.0;
				MTL_ENABLE_DEBUG_INFO = NO;
				SDKROOT = iphoneos;
				TARGETED_DEVICE_FAMILY = "1,2";
				VALIDATE_PRODUCT = YES;
			};
			name = Release;
		};
		3F04F3ED1974FECD00F5DC84 /* Debug */ = {
			isa = XCBuildConfiguration;
			buildSettings = {
				ASSETCATALOG_COMPILER_APPICON_NAME = AppIcon;
				ASSETCATALOG_COMPILER_LAUNCHIMAGE_NAME = LaunchImage;
				INFOPLIST_FILE = "Social Lifes/Info.plist";
				LD_RUNPATH_SEARCH_PATHS = "$(inherited) @executable_path/Frameworks";
				PRODUCT_NAME = "$(TARGET_NAME)";
			};
			name = Debug;
		};
		3F04F3EE1974FECD00F5DC84 /* Release */ = {
			isa = XCBuildConfiguration;
			buildSettings = {
				ASSETCATALOG_COMPILER_APPICON_NAME = AppIcon;
				ASSETCATALOG_COMPILER_LAUNCHIMAGE_NAME = LaunchImage;
				INFOPLIST_FILE = "Social Lifes/Info.plist";
				LD_RUNPATH_SEARCH_PATHS = "$(inherited) @executable_path/Frameworks";
				PRODUCT_NAME = "$(TARGET_NAME)";
			};
			name = Release;
		};
		3F04F3F01974FECD00F5DC84 /* Debug */ = {
			isa = XCBuildConfiguration;
			buildSettings = {
				BUNDLE_LOADER = "$(BUILT_PRODUCTS_DIR)/Social Lifes.app/Social Lifes";
				FRAMEWORK_SEARCH_PATHS = (
					"$(SDKROOT)/Developer/Library/Frameworks",
					"$(inherited)",
				);
				GCC_PREPROCESSOR_DEFINITIONS = (
					"DEBUG=1",
					"$(inherited)",
				);
				INFOPLIST_FILE = "Social LifesTests/Info.plist";
				LD_RUNPATH_SEARCH_PATHS = "$(inherited) @executable_path/Frameworks @loader_path/Frameworks";
				PRODUCT_NAME = "$(TARGET_NAME)";
				TEST_HOST = "$(BUNDLE_LOADER)";
			};
			name = Debug;
		};
		3F04F3F11974FECD00F5DC84 /* Release */ = {
			isa = XCBuildConfiguration;
			buildSettings = {
				BUNDLE_LOADER = "$(BUILT_PRODUCTS_DIR)/Social Lifes.app/Social Lifes";
				FRAMEWORK_SEARCH_PATHS = (
					"$(SDKROOT)/Developer/Library/Frameworks",
					"$(inherited)",
				);
				INFOPLIST_FILE = "Social LifesTests/Info.plist";
				LD_RUNPATH_SEARCH_PATHS = "$(inherited) @executable_path/Frameworks @loader_path/Frameworks";
				PRODUCT_NAME = "$(TARGET_NAME)";
				TEST_HOST = "$(BUNDLE_LOADER)";
			};
			name = Release;
		};
/* End XCBuildConfiguration section */

/* Begin XCConfigurationList section */
		3F04F3C81974FECD00F5DC84 /* Build configuration list for PBXProject "Social Lifes" */ = {
			isa = XCConfigurationList;
			buildConfigurations = (
				3F04F3EA1974FECD00F5DC84 /* Debug */,
				3F04F3EB1974FECD00F5DC84 /* Release */,
			);
			defaultConfigurationIsVisible = 0;
			defaultConfigurationName = Release;
		};
		3F04F3EC1974FECD00F5DC84 /* Build configuration list for PBXNativeTarget "Social Lifes" */ = {
			isa = XCConfigurationList;
			buildConfigurations = (
				3F04F3ED1974FECD00F5DC84 /* Debug */,
				3F04F3EE1974FECD00F5DC84 /* Release */,
			);
			defaultConfigurationIsVisible = 0;
			defaultConfigurationName = Release;
		};
		3F04F3EF1974FECD00F5DC84 /* Build configuration list for PBXNativeTarget "Social LifesTests" */ = {
			isa = XCConfigurationList;
			buildConfigurations = (
				3F04F3F01974FECD00F5DC84 /* Debug */,
				3F04F3F11974FECD00F5DC84 /* Release */,
			);
			defaultConfigurationIsVisible = 0;
			defaultConfigurationName = Release;
		};
/* End XCConfigurationList section */

/* Begin XCVersionGroup section */
		3F04F3D41974FECD00F5DC84 /* Social_Lifes.xcdatamodeld */ = {
			isa = XCVersionGroup;
			children = (
				3F04F3D51974FECD00F5DC84 /* Social_Lifes.xcdatamodel */,
			);
			currentVersion = 3F04F3D51974FECD00F5DC84 /* Social_Lifes.xcdatamodel */;
			path = Social_Lifes.xcdatamodeld;
			sourceTree = "<group>";
			versionGroupType = wrapper.xcdatamodel;
		};
/* End XCVersionGroup section */
	};
	rootObject = 3F04F3C51974FECD00F5DC84 /* Project object */;
}
