// !$*UTF8*$!
{
	archiveVersion = 1;
	classes = {
	};
	objectVersion = 46;
	objects = {

/* Begin PBXBuildFile section */
		3FE928F01974FB150064CD8B /* AppDelegate.swift in Sources */ = {isa = PBXBuildFile; fileRef = 3FE928EF1974FB150064CD8B /* AppDelegate.swift */; };
		3FE928F21974FB150064CD8B /* FirstViewController.swift in Sources */ = {isa = PBXBuildFile; fileRef = 3FE928F11974FB150064CD8B /* FirstViewController.swift */; };
		3FE928F41974FB150064CD8B /* SecondViewController.swift in Sources */ = {isa = PBXBuildFile; fileRef = 3FE928F31974FB150064CD8B /* SecondViewController.swift */; };
		3FE928F71974FB150064CD8B /* Main.storyboard in Resources */ = {isa = PBXBuildFile; fileRef = 3FE928F51974FB150064CD8B /* Main.storyboard */; };
		3FE928F91974FB150064CD8B /* Images.xcassets in Resources */ = {isa = PBXBuildFile; fileRef = 3FE928F81974FB150064CD8B /* Images.xcassets */; };
		3FE929051974FB150064CD8B /* Social_LifesTests.swift in Sources */ = {isa = PBXBuildFile; fileRef = 3FE929041974FB150064CD8B /* Social_LifesTests.swift */; };
/* End PBXBuildFile section */

/* Begin PBXContainerItemProxy section */
		3FE928FF1974FB150064CD8B /* PBXContainerItemProxy */ = {
			isa = PBXContainerItemProxy;
			containerPortal = 3FE928E21974FB150064CD8B /* Project object */;
			proxyType = 1;
			remoteGlobalIDString = 3FE928E91974FB150064CD8B;
			remoteInfo = "Social Lifes";
		};
/* End PBXContainerItemProxy section */

/* Begin PBXFileReference section */
		3FE928EA1974FB150064CD8B /* Social Lifes.app */ = {isa = PBXFileReference; explicitFileType = wrapper.application; includeInIndex = 0; path = "Social Lifes.app"; sourceTree = BUILT_PRODUCTS_DIR; };
		3FE928EE1974FB150064CD8B /* Info.plist */ = {isa = PBXFileReference; lastKnownFileType = text.plist.xml; path = Info.plist; sourceTree = "<group>"; };
		3FE928EF1974FB150064CD8B /* AppDelegate.swift */ = {isa = PBXFileReference; lastKnownFileType = sourcecode.swift; path = AppDelegate.swift; sourceTree = "<group>"; };
		3FE928F11974FB150064CD8B /* FirstViewController.swift */ = {isa = PBXFileReference; lastKnownFileType = sourcecode.swift; path = FirstViewController.swift; sourceTree = "<group>"; };
		3FE928F31974FB150064CD8B /* SecondViewController.swift */ = {isa = PBXFileReference; lastKnownFileType = sourcecode.swift; path = SecondViewController.swift; sourceTree = "<group>"; };
		3FE928F61974FB150064CD8B /* Base */ = {isa = PBXFileReference; lastKnownFileType = file.storyboard; name = Base; path = Base.lproj/Main.storyboard; sourceTree = "<group>"; };
		3FE928F81974FB150064CD8B /* Images.xcassets */ = {isa = PBXFileReference; lastKnownFileType = folder.assetcatalog; path = Images.xcassets; sourceTree = "<group>"; };
		3FE928FE1974FB150064CD8B /* Social LifesTests.xctest */ = {isa = PBXFileReference; explicitFileType = wrapper.cfbundle; includeInIndex = 0; path = "Social LifesTests.xctest"; sourceTree = BUILT_PRODUCTS_DIR; };
		3FE929031974FB150064CD8B /* Info.plist */ = {isa = PBXFileReference; lastKnownFileType = text.plist.xml; path = Info.plist; sourceTree = "<group>"; };
		3FE929041974FB150064CD8B /* Social_LifesTests.swift */ = {isa = PBXFileReference; lastKnownFileType = sourcecode.swift; path = Social_LifesTests.swift; sourceTree = "<group>"; };
/* End PBXFileReference section */

/* Begin PBXFrameworksBuildPhase section */
		3FE928E71974FB150064CD8B /* Frameworks */ = {
			isa = PBXFrameworksBuildPhase;
			buildActionMask = 2147483647;
			files = (
			);
			runOnlyForDeploymentPostprocessing = 0;
		};
		3FE928FB1974FB150064CD8B /* Frameworks */ = {
			isa = PBXFrameworksBuildPhase;
			buildActionMask = 2147483647;
			files = (
			);
			runOnlyForDeploymentPostprocessing = 0;
		};
/* End PBXFrameworksBuildPhase section */

/* Begin PBXGroup section */
		3FE928E11974FB150064CD8B = {
			isa = PBXGroup;
			children = (
				3FE928EC1974FB150064CD8B /* Social Lifes */,
				3FE929011974FB150064CD8B /* Social LifesTests */,
				3FE928EB1974FB150064CD8B /* Products */,
			);
			sourceTree = "<group>";
		};
		3FE928EB1974FB150064CD8B /* Products */ = {
			isa = PBXGroup;
			children = (
				3FE928EA1974FB150064CD8B /* Social Lifes.app */,
				3FE928FE1974FB150064CD8B /* Social LifesTests.xctest */,
			);
			name = Products;
			sourceTree = "<group>";
		};
		3FE928EC1974FB150064CD8B /* Social Lifes */ = {
			isa = PBXGroup;
			children = (
				3FE928EF1974FB150064CD8B /* AppDelegate.swift */,
				3FE928F11974FB150064CD8B /* FirstViewController.swift */,
				3FE928F31974FB150064CD8B /* SecondViewController.swift */,
				3FE928F51974FB150064CD8B /* Main.storyboard */,
				3FE928F81974FB150064CD8B /* Images.xcassets */,
				3FE928ED1974FB150064CD8B /* Supporting Files */,
			);
			path = "Social Lifes";
			sourceTree = "<group>";
		};
		3FE928ED1974FB150064CD8B /* Supporting Files */ = {
			isa = PBXGroup;
			children = (
				3FE928EE1974FB150064CD8B /* Info.plist */,
			);
			name = "Supporting Files";
			sourceTree = "<group>";
		};
		3FE929011974FB150064CD8B /* Social LifesTests */ = {
			isa = PBXGroup;
			children = (
				3FE929041974FB150064CD8B /* Social_LifesTests.swift */,
				3FE929021974FB150064CD8B /* Supporting Files */,
			);
			path = "Social LifesTests";
			sourceTree = "<group>";
		};
		3FE929021974FB150064CD8B /* Supporting Files */ = {
			isa = PBXGroup;
			children = (
				3FE929031974FB150064CD8B /* Info.plist */,
			);
			name = "Supporting Files";
			sourceTree = "<group>";
		};
/* End PBXGroup section */

/* Begin PBXNativeTarget section */
		3FE928E91974FB150064CD8B /* Social Lifes */ = {
			isa = PBXNativeTarget;
			buildConfigurationList = 3FE929081974FB150064CD8B /* Build configuration list for PBXNativeTarget "Social Lifes" */;
			buildPhases = (
				3FE928E61974FB150064CD8B /* Sources */,
				3FE928E71974FB150064CD8B /* Frameworks */,
				3FE928E81974FB150064CD8B /* Resources */,
			);
			buildRules = (
			);
			dependencies = (
			);
			name = "Social Lifes";
			productName = "Social Lifes";
			productReference = 3FE928EA1974FB150064CD8B /* Social Lifes.app */;
			productType = "com.apple.product-type.application";
		};
		3FE928FD1974FB150064CD8B /* Social LifesTests */ = {
			isa = PBXNativeTarget;
			buildConfigurationList = 3FE9290B1974FB150064CD8B /* Build configuration list for PBXNativeTarget "Social LifesTests" */;
			buildPhases = (
				3FE928FA1974FB150064CD8B /* Sources */,
				3FE928FB1974FB150064CD8B /* Frameworks */,
				3FE928FC1974FB150064CD8B /* Resources */,
			);
			buildRules = (
			);
			dependencies = (
				3FE929001974FB150064CD8B /* PBXTargetDependency */,
			);
			name = "Social LifesTests";
			productName = "Social LifesTests";
			productReference = 3FE928FE1974FB150064CD8B /* Social LifesTests.xctest */;
			productType = "com.apple.product-type.bundle.unit-test";
		};
/* End PBXNativeTarget section */

/* Begin PBXProject section */
		3FE928E21974FB150064CD8B /* Project object */ = {
			isa = PBXProject;
			attributes = {
				LastUpgradeCheck = 0600;
				ORGANIZATIONNAME = "Kyle Watson";
				TargetAttributes = {
					3FE928E91974FB150064CD8B = {
						CreatedOnToolsVersion = 6.0;
					};
					3FE928FD1974FB150064CD8B = {
						CreatedOnToolsVersion = 6.0;
						TestTargetID = 3FE928E91974FB150064CD8B;
					};
				};
			};
			buildConfigurationList = 3FE928E51974FB150064CD8B /* Build configuration list for PBXProject "Social Lifes" */;
			compatibilityVersion = "Xcode 3.2";
			developmentRegion = English;
			hasScannedForEncodings = 0;
			knownRegions = (
				en,
				Base,
			);
			mainGroup = 3FE928E11974FB150064CD8B;
			productRefGroup = 3FE928EB1974FB150064CD8B /* Products */;
			projectDirPath = "";
			projectRoot = "";
			targets = (
				3FE928E91974FB150064CD8B /* Social Lifes */,
				3FE928FD1974FB150064CD8B /* Social LifesTests */,
			);
		};
/* End PBXProject section */

/* Begin PBXResourcesBuildPhase section */
		3FE928E81974FB150064CD8B /* Resources */ = {
			isa = PBXResourcesBuildPhase;
			buildActionMask = 2147483647;
			files = (
				3FE928F71974FB150064CD8B /* Main.storyboard in Resources */,
				3FE928F91974FB150064CD8B /* Images.xcassets in Resources */,
			);
			runOnlyForDeploymentPostprocessing = 0;
		};
		3FE928FC1974FB150064CD8B /* Resources */ = {
			isa = PBXResourcesBuildPhase;
			buildActionMask = 2147483647;
			files = (
			);
			runOnlyForDeploymentPostprocessing = 0;
		};
/* End PBXResourcesBuildPhase section */

/* Begin PBXSourcesBuildPhase section */
		3FE928E61974FB150064CD8B /* Sources */ = {
			isa = PBXSourcesBuildPhase;
			buildActionMask = 2147483647;
			files = (
				3FE928F41974FB150064CD8B /* SecondViewController.swift in Sources */,
				3FE928F01974FB150064CD8B /* AppDelegate.swift in Sources */,
				3FE928F21974FB150064CD8B /* FirstViewController.swift in Sources */,
			);
			runOnlyForDeploymentPostprocessing = 0;
		};
		3FE928FA1974FB150064CD8B /* Sources */ = {
			isa = PBXSourcesBuildPhase;
			buildActionMask = 2147483647;
			files = (
				3FE929051974FB150064CD8B /* Social_LifesTests.swift in Sources */,
			);
			runOnlyForDeploymentPostprocessing = 0;
		};
/* End PBXSourcesBuildPhase section */

/* Begin PBXTargetDependency section */
		3FE929001974FB150064CD8B /* PBXTargetDependency */ = {
			isa = PBXTargetDependency;
			target = 3FE928E91974FB150064CD8B /* Social Lifes */;
			targetProxy = 3FE928FF1974FB150064CD8B /* PBXContainerItemProxy */;
		};
/* End PBXTargetDependency section */

/* Begin PBXVariantGroup section */
		3FE928F51974FB150064CD8B /* Main.storyboard */ = {
			isa = PBXVariantGroup;
			children = (
				3FE928F61974FB150064CD8B /* Base */,
			);
			name = Main.storyboard;
			sourceTree = "<group>";
		};
/* End PBXVariantGroup section */

/* Begin XCBuildConfiguration section */
		3FE929061974FB150064CD8B /* Debug */ = {
			isa = XCBuildConfiguration;
			buildSettings = {
				ALWAYS_SEARCH_USER_PATHS = NO;
				CLANG_CXX_LANGUAGE_STANDARD = "gnu++0x";
				CLANG_CXX_LIBRARY = "libc++";
				CLANG_ENABLE_MODULES = YES;
				CLANG_ENABLE_OBJC_ARC = YES;
				CLANG_WARN_BOOL_CONVERSION = YES;
				CLANG_WARN_CONSTANT_CONVERSION = YES;
				CLANG_WARN_DIRECT_OBJC_ISA_USAGE = YES_ERROR;
				CLANG_WARN_EMPTY_BODY = YES;
				CLANG_WARN_ENUM_CONVERSION = YES;
				CLANG_WARN_INT_CONVERSION = YES;
				CLANG_WARN_OBJC_ROOT_CLASS = YES_ERROR;
				CLANG_WARN_UNREACHABLE_CODE = YES;
				CLANG_WARN__DUPLICATE_METHOD_MATCH = YES;
				"CODE_SIGN_IDENTITY[sdk=iphoneos*]" = "iPhone Developer";
				COPY_PHASE_STRIP = NO;
				ENABLE_STRICT_OBJC_MSGSEND = YES;
				GCC_C_LANGUAGE_STANDARD = gnu99;
				GCC_DYNAMIC_NO_PIC = NO;
				GCC_OPTIMIZATION_LEVEL = 0;
				GCC_PREPROCESSOR_DEFINITIONS = (
					"DEBUG=1",
					"$(inherited)",
				);
				GCC_SYMBOLS_PRIVATE_EXTERN = NO;
				GCC_WARN_64_TO_32_BIT_CONVERSION = YES;
				GCC_WARN_ABOUT_RETURN_TYPE = YES_ERROR;
				GCC_WARN_UNDECLARED_SELECTOR = YES;
				GCC_WARN_UNINITIALIZED_AUTOS = YES_AGGRESSIVE;
				GCC_WARN_UNUSED_FUNCTION = YES;
				GCC_WARN_UNUSED_VARIABLE = YES;
				IPHONEOS_DEPLOYMENT_TARGET = 8.0;
				MTL_ENABLE_DEBUG_INFO = YES;
				ONLY_ACTIVE_ARCH = YES;
				SDKROOT = iphoneos;
				SWIFT_OPTIMIZATION_LEVEL = "-Onone";
				TARGETED_DEVICE_FAMILY = "1,2";
			};
			name = Debug;
		};
		3FE929071974FB150064CD8B /* Release */ = {
			isa = XCBuildConfiguration;
			buildSettings = {
				ALWAYS_SEARCH_USER_PATHS = NO;
				CLANG_CXX_LANGUAGE_STANDARD = "gnu++0x";
				CLANG_CXX_LIBRARY = "libc++";
				CLANG_ENABLE_MODULES = YES;
				CLANG_ENABLE_OBJC_ARC = YES;
				CLANG_WARN_BOOL_CONVERSION = YES;
				CLANG_WARN_CONSTANT_CONVERSION = YES;
				CLANG_WARN_DIRECT_OBJC_ISA_USAGE = YES_ERROR;
				CLANG_WARN_EMPTY_BODY = YES;
				CLANG_WARN_ENUM_CONVERSION = YES;
				CLANG_WARN_INT_CONVERSION = YES;
				CLANG_WARN_OBJC_ROOT_CLASS = YES_ERROR;
				CLANG_WARN_UNREACHABLE_CODE = YES;
				CLANG_WARN__DUPLICATE_METHOD_MATCH = YES;
				"CODE_SIGN_IDENTITY[sdk=iphoneos*]" = "iPhone Developer";
				COPY_PHASE_STRIP = YES;
				ENABLE_NS_ASSERTIONS = NO;
				ENABLE_STRICT_OBJC_MSGSEND = YES;
				GCC_C_LANGUAGE_STANDARD = gnu99;
				GCC_WARN_64_TO_32_BIT_CONVERSION = YES;
				GCC_WARN_ABOUT_RETURN_TYPE = YES_ERROR;
				GCC_WARN_UNDECLARED_SELECTOR = YES;
				GCC_WARN_UNINITIALIZED_AUTOS = YES_AGGRESSIVE;
				GCC_WARN_UNUSED_FUNCTION = YES;
				GCC_WARN_UNUSED_VARIABLE = YES;
				IPHONEOS_DEPLOYMENT_TARGET = 8.0;
				MTL_ENABLE_DEBUG_INFO = NO;
				SDKROOT = iphoneos;
				TARGETED_DEVICE_FAMILY = "1,2";
				VALIDATE_PRODUCT = YES;
			};
			name = Release;
		};
		3FE929091974FB150064CD8B /* Debug */ = {
			isa = XCBuildConfiguration;
			buildSettings = {
				ASSETCATALOG_COMPILER_APPICON_NAME = AppIcon;
				ASSETCATALOG_COMPILER_LAUNCHIMAGE_NAME = LaunchImage;
				INFOPLIST_FILE = "Social Lifes/Info.plist";
				LD_RUNPATH_SEARCH_PATHS = "$(inherited) @executable_path/Frameworks";
				PRODUCT_NAME = "$(TARGET_NAME)";
			};
			name = Debug;
		};
		3FE9290A1974FB150064CD8B /* Release */ = {
			isa = XCBuildConfiguration;
			buildSettings = {
				ASSETCATALOG_COMPILER_APPICON_NAME = AppIcon;
				ASSETCATALOG_COMPILER_LAUNCHIMAGE_NAME = LaunchImage;
				INFOPLIST_FILE = "Social Lifes/Info.plist";
				LD_RUNPATH_SEARCH_PATHS = "$(inherited) @executable_path/Frameworks";
				PRODUCT_NAME = "$(TARGET_NAME)";
			};
			name = Release;
		};
		3FE9290C1974FB150064CD8B /* Debug */ = {
			isa = XCBuildConfiguration;
			buildSettings = {
				BUNDLE_LOADER = "$(BUILT_PRODUCTS_DIR)/Social Lifes.app/Social Lifes";
				FRAMEWORK_SEARCH_PATHS = (
					"$(SDKROOT)/Developer/Library/Frameworks",
					"$(inherited)",
				);
				GCC_PREPROCESSOR_DEFINITIONS = (
					"DEBUG=1",
					"$(inherited)",
				);
				INFOPLIST_FILE = "Social LifesTests/Info.plist";
				LD_RUNPATH_SEARCH_PATHS = "$(inherited) @executable_path/Frameworks @loader_path/Frameworks";
				PRODUCT_NAME = "$(TARGET_NAME)";
				TEST_HOST = "$(BUNDLE_LOADER)";
			};
			name = Debug;
		};
		3FE9290D1974FB150064CD8B /* Release */ = {
			isa = XCBuildConfiguration;
			buildSettings = {
				BUNDLE_LOADER = "$(BUILT_PRODUCTS_DIR)/Social Lifes.app/Social Lifes";
				FRAMEWORK_SEARCH_PATHS = (
					"$(SDKROOT)/Developer/Library/Frameworks",
					"$(inherited)",
				);
				INFOPLIST_FILE = "Social LifesTests/Info.plist";
				LD_RUNPATH_SEARCH_PATHS = "$(inherited) @executable_path/Frameworks @loader_path/Frameworks";
				PRODUCT_NAME = "$(TARGET_NAME)";
				TEST_HOST = "$(BUNDLE_LOADER)";
			};
			name = Release;
		};
/* End XCBuildConfiguration section */

/* Begin XCConfigurationList section */
		3FE928E51974FB150064CD8B /* Build configuration list for PBXProject "Social Lifes" */ = {
			isa = XCConfigurationList;
			buildConfigurations = (
				3FE929061974FB150064CD8B /* Debug */,
				3FE929071974FB150064CD8B /* Release */,
			);
			defaultConfigurationIsVisible = 0;
			defaultConfigurationName = Release;
		};
		3FE929081974FB150064CD8B /* Build configuration list for PBXNativeTarget "Social Lifes" */ = {
			isa = XCConfigurationList;
			buildConfigurations = (
				3FE929091974FB150064CD8B /* Debug */,
				3FE9290A1974FB150064CD8B /* Release */,
			);
			defaultConfigurationIsVisible = 0;
		};
		3FE9290B1974FB150064CD8B /* Build configuration list for PBXNativeTarget "Social LifesTests" */ = {
			isa = XCConfigurationList;
			buildConfigurations = (
				3FE9290C1974FB150064CD8B /* Debug */,
				3FE9290D1974FB150064CD8B /* Release */,
			);
			defaultConfigurationIsVisible = 0;
		};
/* End XCConfigurationList section */
	};
	rootObject = 3FE928E21974FB150064CD8B /* Project object */;
}
